
Microsoft Visual Studio Solution File, Format Version 12.00
# Visual Studio Version 17
VisualStudioVersion = 17.14.36511.14
MinimumVisualStudioVersion = 10.0.40219.1
Project("{FAE04EC0-301F-11D3-BF4B-00C04F79EFBC}") = "Editor", "Editor\Editor.csproj", "{8F8032E0-F0FC-E24F-A6B6-7856BA9E0D4C}"
EndProject
Project("{FAE04EC0-301F-11D3-BF4B-00C04F79EFBC}") = "ViewPortLib", "ViewPortLib\ViewPortLib.csproj", "{7CA53BCC-1114-4B9E-919E-989AB1819645}"
EndProject
Project("{8BC9CEB8-8B4A-11D0-8D11-00A0C91BC942}") = "Engine", "Engine\Engine.vcxproj", "{10850474-C6F5-48FD-8230-0648B9033DFF}"
	ProjectSection(ProjectDependencies) = postProject
		{0B313C0A-7319-4214-9369-4B2659CAD487} = {0B313C0A-7319-4214-9369-4B2659CAD487}
		{3354A621-CF6F-4175-86C4-A4E50E0FDB82} = {3354A621-CF6F-4175-86C4-A4E50E0FDB82}
		{99BAD649-F897-4374-B69D-EEB3F9CAE027} = {99BAD649-F897-4374-B69D-EEB3F9CAE027}
	EndProjectSection
EndProject
Project("{8BC9CEB8-8B4A-11D0-8D11-00A0C91BC942}") = "Rendering", "Rendering\Rendering.vcxproj", "{0B313C0A-7319-4214-9369-4B2659CAD487}"
	ProjectSection(ProjectDependencies) = postProject
		{99BAD649-F897-4374-B69D-EEB3F9CAE027} = {99BAD649-F897-4374-B69D-EEB3F9CAE027}
	EndProjectSection
EndProject
Project("{8BC9CEB8-8B4A-11D0-8D11-00A0C91BC942}") = "Crate", "Crate\Crate.vcxproj", "{99BAD649-F897-4374-B69D-EEB3F9CAE027}"
	ProjectSection(ProjectDependencies) = postProject
		{3354A621-CF6F-4175-86C4-A4E50E0FDB82} = {3354A621-CF6F-4175-86C4-A4E50E0FDB82}
	EndProjectSection
EndProject
Project("{8BC9CEB8-8B4A-11D0-8D11-00A0C91BC942}") = "Common", "Common\Common.vcxproj", "{3354A621-CF6F-4175-86C4-A4E50E0FDB82}"
EndProject
Project("{8BC9CEB8-8B4A-11D0-8D11-00A0C91BC942}") = "EngineException", "EngineException\EngineException.vcxproj", "{4D9D7229-7912-4436-98EA-AAB765173507}"
EndProject
Project("{8BC9CEB8-8B4A-11D0-8D11-00A0C91BC942}") = "Entity", "Entity\Entity.vcxproj", "{646B8E13-6DA5-4492-A1DE-1513E05F52FF}"
EndProject
Project("{8BC9CEB8-8B4A-11D0-8D11-00A0C91BC942}") = "Math", "Math\Math.vcxproj", "{BC0FC612-ACA4-4E02-B967-6A00AEF00E17}"
EndProject
Project("{8BC9CEB8-8B4A-11D0-8D11-00A0C91BC942}") = "Project1", "Project1\Project1.vcxproj", "{21D07CE1-B6A6-4223-B501-989DD3E66085}"
EndProject
Project("{8BC9CEB8-8B4A-11D0-8D11-00A0C91BC942}") = "TestProject", "TestProject\TestProject.vcxproj", "{F2559B18-3962-45BD-8B7A-51C308669CCD}"
EndProject
Project("{8BC9CEB8-8B4A-11D0-8D11-00A0C91BC942}") = "Tester", "Tester\Tester.vcxproj", "{E0624930-70EC-43B1-A6B4-98CDFB4CD085}"
EndProject
Global
	GlobalSection(SolutionConfigurationPlatforms) = preSolution
		Debug|Any CPU = Debug|Any CPU
		Debug|x64 = Debug|x64
		Debug|x86 = Debug|x86
		Release|Any CPU = Release|Any CPU
		Release|x64 = Release|x64
		Release|x86 = Release|x86
	EndGlobalSection
	GlobalSection(ProjectConfigurationPlatforms) = postSolution
		{8F8032E0-F0FC-E24F-A6B6-7856BA9E0D4C}.Debug|Any CPU.ActiveCfg = Debug|Any CPU
		{8F8032E0-F0FC-E24F-A6B6-7856BA9E0D4C}.Debug|Any CPU.Build.0 = Debug|Any CPU
		{8F8032E0-F0FC-E24F-A6B6-7856BA9E0D4C}.Debug|x64.ActiveCfg = Debug|Any CPU
		{8F8032E0-F0FC-E24F-A6B6-7856BA9E0D4C}.Debug|x64.Build.0 = Debug|Any CPU
		{8F8032E0-F0FC-E24F-A6B6-7856BA9E0D4C}.Debug|x86.ActiveCfg = Debug|Any CPU
		{8F8032E0-F0FC-E24F-A6B6-7856BA9E0D4C}.Debug|x86.Build.0 = Debug|Any CPU
		{8F8032E0-F0FC-E24F-A6B6-7856BA9E0D4C}.Release|Any CPU.ActiveCfg = Release|Any CPU
		{8F8032E0-F0FC-E24F-A6B6-7856BA9E0D4C}.Release|Any CPU.Build.0 = Release|Any CPU
		{8F8032E0-F0FC-E24F-A6B6-7856BA9E0D4C}.Release|x64.ActiveCfg = Release|Any CPU
		{8F8032E0-F0FC-E24F-A6B6-7856BA9E0D4C}.Release|x64.Build.0 = Release|Any CPU
		{8F8032E0-F0FC-E24F-A6B6-7856BA9E0D4C}.Release|x86.ActiveCfg = Release|Any CPU
		{8F8032E0-F0FC-E24F-A6B6-7856BA9E0D4C}.Release|x86.Build.0 = Release|Any CPU
		{7CA53BCC-1114-4B9E-919E-989AB1819645}.Debug|Any CPU.ActiveCfg = Debug|Any CPU
		{7CA53BCC-1114-4B9E-919E-989AB1819645}.Debug|Any CPU.Build.0 = Debug|Any CPU
		{7CA53BCC-1114-4B9E-919E-989AB1819645}.Debug|x64.ActiveCfg = Debug|Any CPU
		{7CA53BCC-1114-4B9E-919E-989AB1819645}.Debug|x64.Build.0 = Debug|Any CPU
		{7CA53BCC-1114-4B9E-919E-989AB1819645}.Debug|x86.ActiveCfg = Debug|Any CPU
		{7CA53BCC-1114-4B9E-919E-989AB1819645}.Debug|x86.Build.0 = Debug|Any CPU
		{7CA53BCC-1114-4B9E-919E-989AB1819645}.Release|Any CPU.ActiveCfg = Release|Any CPU
		{7CA53BCC-1114-4B9E-919E-989AB1819645}.Release|Any CPU.Build.0 = Release|Any CPU
		{7CA53BCC-1114-4B9E-919E-989AB1819645}.Release|x64.ActiveCfg = Release|Any CPU
		{7CA53BCC-1114-4B9E-919E-989AB1819645}.Release|x64.Build.0 = Release|Any CPU
		{7CA53BCC-1114-4B9E-919E-989AB1819645}.Release|x86.ActiveCfg = Release|Any CPU
		{7CA53BCC-1114-4B9E-919E-989AB1819645}.Release|x86.Build.0 = Release|Any CPU
		{10850474-C6F5-48FD-8230-0648B9033DFF}.Debug|Any CPU.ActiveCfg = Debug|x64
		{10850474-C6F5-48FD-8230-0648B9033DFF}.Debug|Any CPU.Build.0 = Debug|x64
		{10850474-C6F5-48FD-8230-0648B9033DFF}.Debug|x64.ActiveCfg = Debug|x64
		{10850474-C6F5-48FD-8230-0648B9033DFF}.Debug|x64.Build.0 = Debug|x64
		{10850474-C6F5-48FD-8230-0648B9033DFF}.Debug|x86.ActiveCfg = Debug|Win32
		{10850474-C6F5-48FD-8230-0648B9033DFF}.Debug|x86.Build.0 = Debug|Win32
		{10850474-C6F5-48FD-8230-0648B9033DFF}.Release|Any CPU.ActiveCfg = Release|x64
		{10850474-C6F5-48FD-8230-0648B9033DFF}.Release|Any CPU.Build.0 = Release|x64
		{10850474-C6F5-48FD-8230-0648B9033DFF}.Release|x64.ActiveCfg = Release|x64
		{10850474-C6F5-48FD-8230-0648B9033DFF}.Release|x64.Build.0 = Release|x64
		{10850474-C6F5-48FD-8230-0648B9033DFF}.Release|x86.ActiveCfg = Release|Win32
		{10850474-C6F5-48FD-8230-0648B9033DFF}.Release|x86.Build.0 = Release|Win32
		{0B313C0A-7319-4214-9369-4B2659CAD487}.Debug|Any CPU.ActiveCfg = Debug|x64
		{0B313C0A-7319-4214-9369-4B2659CAD487}.Debug|Any CPU.Build.0 = Debug|x64
		{0B313C0A-7319-4214-9369-4B2659CAD487}.Debug|x64.ActiveCfg = Debug|x64
		{0B313C0A-7319-4214-9369-4B2659CAD487}.Debug|x64.Build.0 = Debug|x64
		{0B313C0A-7319-4214-9369-4B2659CAD487}.Debug|x86.ActiveCfg = Debug|Win32
		{0B313C0A-7319-4214-9369-4B2659CAD487}.Debug|x86.Build.0 = Debug|Win32
		{0B313C0A-7319-4214-9369-4B2659CAD487}.Release|Any CPU.ActiveCfg = Release|x64
		{0B313C0A-7319-4214-9369-4B2659CAD487}.Release|Any CPU.Build.0 = Release|x64
		{0B313C0A-7319-4214-9369-4B2659CAD487}.Release|x64.ActiveCfg = Release|x64
		{0B313C0A-7319-4214-9369-4B2659CAD487}.Release|x64.Build.0 = Release|x64
		{0B313C0A-7319-4214-9369-4B2659CAD487}.Release|x86.ActiveCfg = Release|Win32
		{0B313C0A-7319-4214-9369-4B2659CAD487}.Release|x86.Build.0 = Release|Win32
		{99BAD649-F897-4374-B69D-EEB3F9CAE027}.Debug|Any CPU.ActiveCfg = Debug|x64
		{99BAD649-F897-4374-B69D-EEB3F9CAE027}.Debug|Any CPU.Build.0 = Debug|x64
		{99BAD649-F897-4374-B69D-EEB3F9CAE027}.Debug|x64.ActiveCfg = Debug|x64
		{99BAD649-F897-4374-B69D-EEB3F9CAE027}.Debug|x64.Build.0 = Debug|x64
		{99BAD649-F897-4374-B69D-EEB3F9CAE027}.Debug|x86.ActiveCfg = Debug|Win32
		{99BAD649-F897-4374-B69D-EEB3F9CAE027}.Debug|x86.Build.0 = Debug|Win32
		{99BAD649-F897-4374-B69D-EEB3F9CAE027}.Release|Any CPU.ActiveCfg = Release|x64
		{99BAD649-F897-4374-B69D-EEB3F9CAE027}.Release|Any CPU.Build.0 = Release|x64
		{99BAD649-F897-4374-B69D-EEB3F9CAE027}.Release|x64.ActiveCfg = Release|x64
		{99BAD649-F897-4374-B69D-EEB3F9CAE027}.Release|x64.Build.0 = Release|x64
		{99BAD649-F897-4374-B69D-EEB3F9CAE027}.Release|x86.ActiveCfg = Release|Win32
		{99BAD649-F897-4374-B69D-EEB3F9CAE027}.Release|x86.Build.0 = Release|Win32
		{3354A621-CF6F-4175-86C4-A4E50E0FDB82}.Debug|Any CPU.ActiveCfg = Debug|x64
		{3354A621-CF6F-4175-86C4-A4E50E0FDB82}.Debug|Any CPU.Build.0 = Debug|x64
		{3354A621-CF6F-4175-86C4-A4E50E0FDB82}.Debug|x64.ActiveCfg = Debug|x64
		{3354A621-CF6F-4175-86C4-A4E50E0FDB82}.Debug|x64.Build.0 = Debug|x64
		{3354A621-CF6F-4175-86C4-A4E50E0FDB82}.Debug|x86.ActiveCfg = Debug|Win32
		{3354A621-CF6F-4175-86C4-A4E50E0FDB82}.Debug|x86.Build.0 = Debug|Win32
		{3354A621-CF6F-4175-86C4-A4E50E0FDB82}.Release|Any CPU.ActiveCfg = Release|x64
		{3354A621-CF6F-4175-86C4-A4E50E0FDB82}.Release|Any CPU.Build.0 = Release|x64
		{3354A621-CF6F-4175-86C4-A4E50E0FDB82}.Release|x64.ActiveCfg = Release|x64
		{3354A621-CF6F-4175-86C4-A4E50E0FDB82}.Release|x64.Build.0 = Release|x64
		{3354A621-CF6F-4175-86C4-A4E50E0FDB82}.Release|x86.ActiveCfg = Release|Win32
		{3354A621-CF6F-4175-86C4-A4E50E0FDB82}.Release|x86.Build.0 = Release|Win32
		{4D9D7229-7912-4436-98EA-AAB765173507}.Debug|Any CPU.ActiveCfg = Debug|x64
		{4D9D7229-7912-4436-98EA-AAB765173507}.Debug|Any CPU.Build.0 = Debug|x64
		{4D9D7229-7912-4436-98EA-AAB765173507}.Debug|x64.ActiveCfg = Debug|x64
		{4D9D7229-7912-4436-98EA-AAB765173507}.Debug|x64.Build.0 = Debug|x64
		{4D9D7229-7912-4436-98EA-AAB765173507}.Debug|x86.ActiveCfg = Debug|Win32
		{4D9D7229-7912-4436-98EA-AAB765173507}.Debug|x86.Build.0 = Debug|Win32
		{4D9D7229-7912-4436-98EA-AAB765173507}.Release|Any CPU.ActiveCfg = Release|x64
		{4D9D7229-7912-4436-98EA-AAB765173507}.Release|Any CPU.Build.0 = Release|x64
		{4D9D7229-7912-4436-98EA-AAB765173507}.Release|x64.ActiveCfg = Release|x64
		{4D9D7229-7912-4436-98EA-AAB765173507}.Release|x64.Build.0 = Release|x64
		{4D9D7229-7912-4436-98EA-AAB765173507}.Release|x86.ActiveCfg = Release|Win32
		{4D9D7229-7912-4436-98EA-AAB765173507}.Release|x86.Build.0 = Release|Win32
		{646B8E13-6DA5-4492-A1DE-1513E05F52FF}.Debug|Any CPU.ActiveCfg = Debug|x64
		{646B8E13-6DA5-4492-A1DE-1513E05F52FF}.Debug|Any CPU.Build.0 = Debug|x64
		{646B8E13-6DA5-4492-A1DE-1513E05F52FF}.Debug|x64.ActiveCfg = Debug|x64
		{646B8E13-6DA5-4492-A1DE-1513E05F52FF}.Debug|x64.Build.0 = Debug|x64
		{646B8E13-6DA5-4492-A1DE-1513E05F52FF}.Debug|x86.ActiveCfg = Debug|Win32
		{646B8E13-6DA5-4492-A1DE-1513E05F52FF}.Debug|x86.Build.0 = Debug|Win32
		{646B8E13-6DA5-4492-A1DE-1513E05F52FF}.Release|Any CPU.ActiveCfg = Release|x64
		{646B8E13-6DA5-4492-A1DE-1513E05F52FF}.Release|Any CPU.Build.0 = Release|x64
		{646B8E13-6DA5-4492-A1DE-1513E05F52FF}.Release|x64.ActiveCfg = Release|x64
		{646B8E13-6DA5-4492-A1DE-1513E05F52FF}.Release|x64.Build.0 = Release|x64
		{646B8E13-6DA5-4492-A1DE-1513E05F52FF}.Release|x86.ActiveCfg = Release|Win32
		{646B8E13-6DA5-4492-A1DE-1513E05F52FF}.Release|x86.Build.0 = Release|Win32
		{BC0FC612-ACA4-4E02-B967-6A00AEF00E17}.Debug|Any CPU.ActiveCfg = Debug|x64
		{BC0FC612-ACA4-4E02-B967-6A00AEF00E17}.Debug|Any CPU.Build.0 = Debug|x64
		{BC0FC612-ACA4-4E02-B967-6A00AEF00E17}.Debug|x64.ActiveCfg = Debug|x64
		{BC0FC612-ACA4-4E02-B967-6A00AEF00E17}.Debug|x64.Build.0 = Debug|x64
		{BC0FC612-ACA4-4E02-B967-6A00AEF00E17}.Debug|x86.ActiveCfg = Debug|Win32
		{BC0FC612-ACA4-4E02-B967-6A00AEF00E17}.Debug|x86.Build.0 = Debug|Win32
		{BC0FC612-ACA4-4E02-B967-6A00AEF00E17}.Release|Any CPU.ActiveCfg = Release|x64
		{BC0FC612-ACA4-4E02-B967-6A00AEF00E17}.Release|Any CPU.Build.0 = Release|x64
		{BC0FC612-ACA4-4E02-B967-6A00AEF00E17}.Release|x64.ActiveCfg = Release|x64
		{BC0FC612-ACA4-4E02-B967-6A00AEF00E17}.Release|x64.Build.0 = Release|x64
		{BC0FC612-ACA4-4E02-B967-6A00AEF00E17}.Release|x86.ActiveCfg = Release|Win32
		{BC0FC612-ACA4-4E02-B967-6A00AEF00E17}.Release|x86.Build.0 = Release|Win32
		{21D07CE1-B6A6-4223-B501-989DD3E66085}.Debug|Any CPU.ActiveCfg = Debug|x64
		{21D07CE1-B6A6-4223-B501-989DD3E66085}.Debug|Any CPU.Build.0 = Debug|x64
		{21D07CE1-B6A6-4223-B501-989DD3E66085}.Debug|x64.ActiveCfg = Debug|x64
		{21D07CE1-B6A6-4223-B501-989DD3E66085}.Debug|x64.Build.0 = Debug|x64
		{21D07CE1-B6A6-4223-B501-989DD3E66085}.Debug|x86.ActiveCfg = Debug|Win32
		{21D07CE1-B6A6-4223-B501-989DD3E66085}.Debug|x86.Build.0 = Debug|Win32
		{21D07CE1-B6A6-4223-B501-989DD3E66085}.Release|Any CPU.ActiveCfg = Release|x64
		{21D07CE1-B6A6-4223-B501-989DD3E66085}.Release|Any CPU.Build.0 = Release|x64
		{21D07CE1-B6A6-4223-B501-989DD3E66085}.Release|x64.ActiveCfg = Release|x64
		{21D07CE1-B6A6-4223-B501-989DD3E66085}.Release|x64.Build.0 = Release|x64
		{21D07CE1-B6A6-4223-B501-989DD3E66085}.Release|x86.ActiveCfg = Release|Win32
		{21D07CE1-B6A6-4223-B501-989DD3E66085}.Release|x86.Build.0 = Release|Win32
		{F2559B18-3962-45BD-8B7A-51C308669CCD}.Debug|Any CPU.ActiveCfg = Debug|x64
		{F2559B18-3962-45BD-8B7A-51C308669CCD}.Debug|Any CPU.Build.0 = Debug|x64
		{F2559B18-3962-45BD-8B7A-51C308669CCD}.Debug|x64.ActiveCfg = Debug|x64
		{F2559B18-3962-45BD-8B7A-51C308669CCD}.Debug|x64.Build.0 = Debug|x64
		{F2559B18-3962-45BD-8B7A-51C308669CCD}.Debug|x86.ActiveCfg = Debug|Win32
		{F2559B18-3962-45BD-8B7A-51C308669CCD}.Debug|x86.Build.0 = Debug|Win32
		{F2559B18-3962-45BD-8B7A-51C308669CCD}.Release|Any CPU.ActiveCfg = Release|x64
		{F2559B18-3962-45BD-8B7A-51C308669CCD}.Release|Any CPU.Build.0 = Release|x64
		{F2559B18-3962-45BD-8B7A-51C308669CCD}.Release|x64.ActiveCfg = Release|x64
		{F2559B18-3962-45BD-8B7A-51C308669CCD}.Release|x64.Build.0 = Release|x64
		{F2559B18-3962-45BD-8B7A-51C308669CCD}.Release|x86.ActiveCfg = Release|Win32
		{F2559B18-3962-45BD-8B7A-51C308669CCD}.Release|x86.Build.0 = Release|Win32
		{E0624930-70EC-43B1-A6B4-98CDFB4CD085}.Debug|Any CPU.ActiveCfg = Debug|x64
		{E0624930-70EC-43B1-A6B4-98CDFB4CD085}.Debug|Any CPU.Build.0 = Debug|x64
		{E0624930-70EC-43B1-A6B4-98CDFB4CD085}.Debug|x64.ActiveCfg = Debug|x64
		{E0624930-70EC-43B1-A6B4-98CDFB4CD085}.Debug|x64.Build.0 = Debug|x64
		{E0624930-70EC-43B1-A6B4-98CDFB4CD085}.Debug|x86.ActiveCfg = Debug|Win32
		{E0624930-70EC-43B1-A6B4-98CDFB4CD085}.Debug|x86.Build.0 = Debug|Win32
		{E0624930-70EC-43B1-A6B4-98CDFB4CD085}.Release|Any CPU.ActiveCfg = Release|x64
		{E0624930-70EC-43B1-A6B4-98CDFB4CD085}.Release|Any CPU.Build.0 = Release|x64
		{E0624930-70EC-43B1-A6B4-98CDFB4CD085}.Release|x64.ActiveCfg = Release|x64
		{E0624930-70EC-43B1-A6B4-98CDFB4CD085}.Release|x64.Build.0 = Release|x64
		{E0624930-70EC-43B1-A6B4-98CDFB4CD085}.Release|x86.ActiveCfg = Release|Win32
		{E0624930-70EC-43B1-A6B4-98CDFB4CD085}.Release|x86.Build.0 = Release|Win32
	EndGlobalSection
	GlobalSection(SolutionProperties) = preSolution
		HideSolutionNode = FALSE
	EndGlobalSection
	GlobalSection(ExtensibilityGlobals) = postSolution
		SolutionGuid = {D7864E2D-8714-4F93-80EC-D48E4B42D14A}
	EndGlobalSection
EndGlobal
